
Microsoft Visual Studio Solution File, Format Version 12.00
# Visual Studio 15
VisualStudioVersion = 15.0.28307.271
MinimumVisualStudioVersion = 10.0.40219.1
Project("{9A19103F-16F7-4668-BE54-9A1E7A4F7556}") = "ModDownloads.Shared", "ModDownloads.Shared\ModDownloads.Shared.csproj", "{0F0C1F59-83A9-4D36-B3DC-833B0470ECBE}"
EndProject
Project("{9A19103F-16F7-4668-BE54-9A1E7A4F7556}") = "ModDownloads.Scraper", "ModDownloads.Scraper\ModDownloads.Scraper.csproj", "{D85DDFF2-A1F7-44F1-AEC3-4114CBD84AC1}"
EndProject
Project("{9A19103F-16F7-4668-BE54-9A1E7A4F7556}") = "ModDownloads.Server", "ModDownloads\ModDownloads.Server.csproj", "{8FE6DC78-CAA7-4739-98FE-339E67900E42}"
EndProject
Global
	GlobalSection(SolutionConfigurationPlatforms) = preSolution
		Debug|Any CPU = Debug|Any CPU
		Release|Any CPU = Release|Any CPU
	EndGlobalSection
	GlobalSection(ProjectConfigurationPlatforms) = postSolution
		{0F0C1F59-83A9-4D36-B3DC-833B0470ECBE}.Debug|Any CPU.ActiveCfg = Debug|Any CPU
		{0F0C1F59-83A9-4D36-B3DC-833B0470ECBE}.Debug|Any CPU.Build.0 = Debug|Any CPU
		{0F0C1F59-83A9-4D36-B3DC-833B0470ECBE}.Release|Any CPU.ActiveCfg = Release|Any CPU
		{0F0C1F59-83A9-4D36-B3DC-833B0470ECBE}.Release|Any CPU.Build.0 = Release|Any CPU
		{D85DDFF2-A1F7-44F1-AEC3-4114CBD84AC1}.Debug|Any CPU.ActiveCfg = Debug|Any CPU
		{D85DDFF2-A1F7-44F1-AEC3-4114CBD84AC1}.Debug|Any CPU.Build.0 = Debug|Any CPU
		{D85DDFF2-A1F7-44F1-AEC3-4114CBD84AC1}.Release|Any CPU.ActiveCfg = Release|Any CPU
		{D85DDFF2-A1F7-44F1-AEC3-4114CBD84AC1}.Release|Any CPU.Build.0 = Release|Any CPU
		{8FE6DC78-CAA7-4739-98FE-339E67900E42}.Debug|Any CPU.ActiveCfg = Debug|Any CPU
		{8FE6DC78-CAA7-4739-98FE-339E67900E42}.Debug|Any CPU.Build.0 = Debug|Any CPU
		{8FE6DC78-CAA7-4739-98FE-339E67900E42}.Release|Any CPU.ActiveCfg = Release|Any CPU
		{8FE6DC78-CAA7-4739-98FE-339E67900E42}.Release|Any CPU.Build.0 = Release|Any CPU
	EndGlobalSection
	GlobalSection(SolutionProperties) = preSolution
		HideSolutionNode = FALSE
	EndGlobalSection
	GlobalSection(ExtensibilityGlobals) = postSolution
		SolutionGuid = {9843A153-BA85-41AF-AB76-AF96D155DF19}
	EndGlobalSection
EndGlobal
